
Microsoft Visual Studio Solution File, Format Version 12.00
# Visual Studio Version 16
VisualStudioVersion = 16.0.31205.134
MinimumVisualStudioVersion = 10.0.40219.1
Project("{FAE04EC0-301F-11D3-BF4B-00C04F79EFBC}") = "NestedClasses", "NestedClasses.csproj", "{F69E0338-3D1C-4DAC-9FCE-3F62EC9DF448}"
EndProject
Global
	GlobalSection(SolutionConfigurationPlatforms) = preSolution
		Debug|Any CPU = Debug|Any CPU
		Release|Any CPU = Release|Any CPU
	EndGlobalSection
	GlobalSection(ProjectConfigurationPlatforms) = postSolution
		{F69E0338-3D1C-4DAC-9FCE-3F62EC9DF448}.Debug|Any CPU.ActiveCfg = Debug|Any CPU
		{F69E0338-3D1C-4DAC-9FCE-3F62EC9DF448}.Debug|Any CPU.Build.0 = Debug|Any CPU
		{F69E0338-3D1C-4DAC-9FCE-3F62EC9DF448}.Release|Any CPU.ActiveCfg = Release|Any CPU
		{F69E0338-3D1C-4DAC-9FCE-3F62EC9DF448}.Release|Any CPU.Build.0 = Release|Any CPU
	EndGlobalSection
	GlobalSection(SolutionProperties) = preSolution
		HideSolutionNode = FALSE
	EndGlobalSection
	GlobalSection(ExtensibilityGlobals) = postSolution
		SolutionGuid = {8A02A9F8-DA32-487A-B126-80AAF29C97C9}
	EndGlobalSection
EndGlobal
